
Microsoft Visual Studio Solution File, Format Version 12.00
# Visual Studio Version 16
VisualStudioVersion = 16.0.32901.82
MinimumVisualStudioVersion = 10.0.40219.1
Project("{FAE04EC0-301F-11D3-BF4B-00C04F79EFBC}") = "Task1", "Task1\Task1.csproj", "{45AE5273-7899-4143-A043-984265415A74}"
EndProject
Global
	GlobalSection(SolutionConfigurationPlatforms) = preSolution
		Debug|Any CPU = Debug|Any CPU
		Release|Any CPU = Release|Any CPU
	EndGlobalSection
	GlobalSection(ProjectConfigurationPlatforms) = postSolution
		{45AE5273-7899-4143-A043-984265415A74}.Debug|Any CPU.ActiveCfg = Debug|Any CPU
		{45AE5273-7899-4143-A043-984265415A74}.Debug|Any CPU.Build.0 = Debug|Any CPU
		{45AE5273-7899-4143-A043-984265415A74}.Release|Any CPU.ActiveCfg = Release|Any CPU
		{45AE5273-7899-4143-A043-984265415A74}.Release|Any CPU.Build.0 = Release|Any CPU
	EndGlobalSection
	GlobalSection(SolutionProperties) = preSolution
		HideSolutionNode = FALSE
	EndGlobalSection
	GlobalSection(ExtensibilityGlobals) = postSolution
		SolutionGuid = {287DCF63-EF1A-46F2-99CC-8B9230C14E1B}
	EndGlobalSection
EndGlobal
